
Microsoft Visual Studio Solution File, Format Version 12.00
# Visual Studio 15
VisualStudioVersion = 15.0.26124.0
MinimumVisualStudioVersion = 15.0.26124.0
Project("{FAE04EC0-301F-11D3-BF4B-00C04F79EFBC}") = "Bowling", "Bowling\Bowling.csproj", "{EE4BAC16-8F34-457B-842E-74F66A987B2F}"
EndProject
Project("{FAE04EC0-301F-11D3-BF4B-00C04F79EFBC}") = "BowlingTests", "BowlingTests\BowlingTests.csproj", "{F07181D0-0EBD-4C54-BBC7-819F721588F2}"
EndProject
Global
	GlobalSection(SolutionConfigurationPlatforms) = preSolution
		Debug|Any CPU = Debug|Any CPU
		Debug|x64 = Debug|x64
		Debug|x86 = Debug|x86
		Release|Any CPU = Release|Any CPU
		Release|x64 = Release|x64
		Release|x86 = Release|x86
	EndGlobalSection
	GlobalSection(SolutionProperties) = preSolution
		HideSolutionNode = FALSE
	EndGlobalSection
	GlobalSection(ProjectConfigurationPlatforms) = postSolution
		{EE4BAC16-8F34-457B-842E-74F66A987B2F}.Debug|Any CPU.ActiveCfg = Debug|Any CPU
		{EE4BAC16-8F34-457B-842E-74F66A987B2F}.Debug|Any CPU.Build.0 = Debug|Any CPU
		{EE4BAC16-8F34-457B-842E-74F66A987B2F}.Debug|x64.ActiveCfg = Debug|Any CPU
		{EE4BAC16-8F34-457B-842E-74F66A987B2F}.Debug|x64.Build.0 = Debug|Any CPU
		{EE4BAC16-8F34-457B-842E-74F66A987B2F}.Debug|x86.ActiveCfg = Debug|Any CPU
		{EE4BAC16-8F34-457B-842E-74F66A987B2F}.Debug|x86.Build.0 = Debug|Any CPU
		{EE4BAC16-8F34-457B-842E-74F66A987B2F}.Release|Any CPU.ActiveCfg = Release|Any CPU
		{EE4BAC16-8F34-457B-842E-74F66A987B2F}.Release|Any CPU.Build.0 = Release|Any CPU
		{EE4BAC16-8F34-457B-842E-74F66A987B2F}.Release|x64.ActiveCfg = Release|Any CPU
		{EE4BAC16-8F34-457B-842E-74F66A987B2F}.Release|x64.Build.0 = Release|Any CPU
		{EE4BAC16-8F34-457B-842E-74F66A987B2F}.Release|x86.ActiveCfg = Release|Any CPU
		{EE4BAC16-8F34-457B-842E-74F66A987B2F}.Release|x86.Build.0 = Release|Any CPU
		{F07181D0-0EBD-4C54-BBC7-819F721588F2}.Debug|Any CPU.ActiveCfg = Debug|Any CPU
		{F07181D0-0EBD-4C54-BBC7-819F721588F2}.Debug|Any CPU.Build.0 = Debug|Any CPU
		{F07181D0-0EBD-4C54-BBC7-819F721588F2}.Debug|x64.ActiveCfg = Debug|Any CPU
		{F07181D0-0EBD-4C54-BBC7-819F721588F2}.Debug|x64.Build.0 = Debug|Any CPU
		{F07181D0-0EBD-4C54-BBC7-819F721588F2}.Debug|x86.ActiveCfg = Debug|Any CPU
		{F07181D0-0EBD-4C54-BBC7-819F721588F2}.Debug|x86.Build.0 = Debug|Any CPU
		{F07181D0-0EBD-4C54-BBC7-819F721588F2}.Release|Any CPU.ActiveCfg = Release|Any CPU
		{F07181D0-0EBD-4C54-BBC7-819F721588F2}.Release|Any CPU.Build.0 = Release|Any CPU
		{F07181D0-0EBD-4C54-BBC7-819F721588F2}.Release|x64.ActiveCfg = Release|Any CPU
		{F07181D0-0EBD-4C54-BBC7-819F721588F2}.Release|x64.Build.0 = Release|Any CPU
		{F07181D0-0EBD-4C54-BBC7-819F721588F2}.Release|x86.ActiveCfg = Release|Any CPU
		{F07181D0-0EBD-4C54-BBC7-819F721588F2}.Release|x86.Build.0 = Release|Any CPU
	EndGlobalSection
EndGlobal
